
Microsoft Visual Studio Solution File, Format Version 12.00
Project("{FAE04EC0-301F-11D3-BF4B-00C04F79EFBC}") = "GeradorDeArquivoCnab240.Console", "GeradorDeArquivoCnab240.Console\GeradorDeArquivoCnab240.Console.csproj", "{DE36C3D3-424D-496A-8E9F-56D138B2A854}"
EndProject
Global
	GlobalSection(SolutionConfigurationPlatforms) = preSolution
		Debug|Any CPU = Debug|Any CPU
		Release|Any CPU = Release|Any CPU
	EndGlobalSection
	GlobalSection(ProjectConfigurationPlatforms) = postSolution
		{DE36C3D3-424D-496A-8E9F-56D138B2A854}.Debug|Any CPU.ActiveCfg = Debug|Any CPU
		{DE36C3D3-424D-496A-8E9F-56D138B2A854}.Debug|Any CPU.Build.0 = Debug|Any CPU
		{DE36C3D3-424D-496A-8E9F-56D138B2A854}.Release|Any CPU.ActiveCfg = Release|Any CPU
		{DE36C3D3-424D-496A-8E9F-56D138B2A854}.Release|Any CPU.Build.0 = Release|Any CPU
	EndGlobalSection
EndGlobal
